
Microsoft Visual Studio Solution File, Format Version 12.00
# Visual Studio Version 17
VisualStudioVersion = 17.5.33502.453
MinimumVisualStudioVersion = 10.0.40219.1
Project("{FAE04EC0-301F-11D3-BF4B-00C04F79EFBC}") = "ApiGateway", "ApiGateway.csproj", "{7B124C47-1E1C-4407-A129-43B7E7A0F538}"
EndProject
Global
	GlobalSection(SolutionConfigurationPlatforms) = preSolution
		Debug|Any CPU = Debug|Any CPU
		Release|Any CPU = Release|Any CPU
	EndGlobalSection
	GlobalSection(ProjectConfigurationPlatforms) = postSolution
		{7B124C47-1E1C-4407-A129-43B7E7A0F538}.Debug|Any CPU.ActiveCfg = Debug|Any CPU
		{7B124C47-1E1C-4407-A129-43B7E7A0F538}.Debug|Any CPU.Build.0 = Debug|Any CPU
		{7B124C47-1E1C-4407-A129-43B7E7A0F538}.Release|Any CPU.ActiveCfg = Release|Any CPU
		{7B124C47-1E1C-4407-A129-43B7E7A0F538}.Release|Any CPU.Build.0 = Release|Any CPU
	EndGlobalSection
	GlobalSection(SolutionProperties) = preSolution
		HideSolutionNode = FALSE
	EndGlobalSection
	GlobalSection(ExtensibilityGlobals) = postSolution
		SolutionGuid = {0169550A-7F38-4196-8A47-47E3FBD9DA11}
	EndGlobalSection
EndGlobal
